PODS:
  - Kiwi (2.4.0)
  - LXTool (0.1.0)

DEPENDENCIES:
  - Kiwi
  - LXTool (from `../`)

EXTERNAL SOURCES:
  LXTool:
    :path: ../

SPEC CHECKSUMS:
  Kiwi: f49c9d54b28917df5928fe44968a39ed198cb8a8
  LXTool: f2dc8007725c48648634d8f5cab072c2c4d161ed

PODFILE CHECKSUM: e87b2cc2a1e919856befc1be3e413348690e5279

COCOAPODS: 1.0.0
